
Microsoft Visual Studio Solution File, Format Version 12.00
# Visual Studio Version 16
VisualStudioVersion = 16.0.30907.101
MinimumVisualStudioVersion = 10.0.40219.1
Project("{FAE04EC0-301F-11D3-BF4B-00C04F79EFBC}") = "CardGame", "CardGame\CardGame.csproj", "{EC6BB0FE-0031-4F41-A7E5-447DC649AA7F}"
EndProject
Global
	GlobalSection(SolutionConfigurationPlatforms) = preSolution
		Debug|Any CPU = Debug|Any CPU
		Release|Any CPU = Release|Any CPU
	EndGlobalSection
	GlobalSection(ProjectConfigurationPlatforms) = postSolution
		{EC6BB0FE-0031-4F41-A7E5-447DC649AA7F}.Debug|Any CPU.ActiveCfg = Debug|Any CPU
		{EC6BB0FE-0031-4F41-A7E5-447DC649AA7F}.Debug|Any CPU.Build.0 = Debug|Any CPU
		{EC6BB0FE-0031-4F41-A7E5-447DC649AA7F}.Release|Any CPU.ActiveCfg = Release|Any CPU
		{EC6BB0FE-0031-4F41-A7E5-447DC649AA7F}.Release|Any CPU.Build.0 = Release|Any CPU
	EndGlobalSection
	GlobalSection(SolutionProperties) = preSolution
		HideSolutionNode = FALSE
	EndGlobalSection
	GlobalSection(ExtensibilityGlobals) = postSolution
		SolutionGuid = {C4B3A86F-7C4F-422C-A1A4-2C6E0A97F78A}
	EndGlobalSection
EndGlobal
